// !$*UTF8*$!
{
	archiveVersion = 1;
	classes = {
	};
	objectVersion = 55;
	objects = {

/* Begin PBXBuildFile section */
		36AB056B28869F4E001EC4C6 /* AppDelegate.swift in Sources */ = {isa = PBXBuildFile; fileRef = 36AB056A28869F4E001EC4C6 /* AppDelegate.swift */; };
		36AB057228869F4E001EC4C6 /* Main.storyboard in Resources */ = {isa = PBXBuildFile; fileRef = 36AB057028869F4E001EC4C6 /* Main.storyboard */; };
		36AB057428869F4F001EC4C6 /* Assets.xcassets in Resources */ = {isa = PBXBuildFile; fileRef = 36AB057328869F4F001EC4C6 /* Assets.xcassets */; };
		36AB057728869F4F001EC4C6 /* LaunchScreen.storyboard in Resources */ = {isa = PBXBuildFile; fileRef = 36AB057528869F4F001EC4C6 /* LaunchScreen.storyboard */; };
		36AB057F28869FDC001EC4C6 /* XJNavigationViewController.swift in Sources */ = {isa = PBXBuildFile; fileRef = 36AB057E28869FDC001EC4C6 /* XJNavigationViewController.swift */; };
		36AB05842886A03A001EC4C6 /* UIViewController+XJTransition.swift in Sources */ = {isa = PBXBuildFile; fileRef = 36AB05812886A03A001EC4C6 /* UIViewController+XJTransition.swift */; };
		36AB05852886A03A001EC4C6 /* XJTransitionManager.swift in Sources */ = {isa = PBXBuildFile; fileRef = 36AB05822886A03A001EC4C6 /* XJTransitionManager.swift */; };
		36AB05862886A03A001EC4C6 /* XJTransitionConfig.swift in Sources */ = {isa = PBXBuildFile; fileRef = 36AB05832886A03A001EC4C6 /* XJTransitionConfig.swift */; };
		36AB05882886A2A6001EC4C6 /* XJRootViewController.swift in Sources */ = {isa = PBXBuildFile; fileRef = 36AB05872886A2A6001EC4C6 /* XJRootViewController.swift */; };
		36AB058C2886B1A2001EC4C6 /* XJPushViewController.swift in Sources */ = {isa = PBXBuildFile; fileRef = 36AB058B2886B1A2001EC4C6 /* XJPushViewController.swift */; };
		36AB058E2886B1AD001EC4C6 /* XJPresentViewController.swift in Sources */ = {isa = PBXBuildFile; fileRef = 36AB058D2886B1AD001EC4C6 /* XJPresentViewController.swift */; };
		36E51237289B6E0E00AB45BE /* XJCollectionViewController.swift in Sources */ = {isa = PBXBuildFile; fileRef = 36E51236289B6E0E00AB45BE /* XJCollectionViewController.swift */; };
/* End PBXBuildFile section */

/* Begin PBXFileReference section */
		36AB056728869F4E001EC4C6 /* XJTransition.app */ = {isa = PBXFileReference; explicitFileType = wrapper.application; includeInIndex = 0; path = XJTransition.app; sourceTree = BUILT_PRODUCTS_DIR; };
		36AB056A28869F4E001EC4C6 /* AppDelegate.swift */ = {isa = PBXFileReference; lastKnownFileType = sourcecode.swift; path = AppDelegate.swift; sourceTree = "<group>"; };
		36AB057128869F4E001EC4C6 /* Base */ = {isa = PBXFileReference; lastKnownFileType = file.storyboard; name = Base; path = Base.lproj/Main.storyboard; sourceTree = "<group>"; };
		36AB057328869F4F001EC4C6 /* Assets.xcassets */ = {isa = PBXFileReference; lastKnownFileType = folder.assetcatalog; path = Assets.xcassets; sourceTree = "<group>"; };
		36AB057628869F4F001EC4C6 /* Base */ = {isa = PBXFileReference; lastKnownFileType = file.storyboard; name = Base; path = Base.lproj/LaunchScreen.storyboard; sourceTree = "<group>"; };
		36AB057828869F4F001EC4C6 /* Info.plist */ = {isa = PBXFileReference; lastKnownFileType = text.plist.xml; path = Info.plist; sourceTree = "<group>"; };
		36AB057E28869FDC001EC4C6 /* XJNavigationViewController.swift */ = {isa = PBXFileReference; fileEncoding = 4; lastKnownFileType = sourcecode.swift; path = XJNavigationViewController.swift; sourceTree = "<group>"; };
		36AB05812886A03A001EC4C6 /* UIViewController+XJTransition.swift */ = {isa = PBXFileReference; fileEncoding = 4; lastKnownFileType = sourcecode.swift; path = "UIViewController+XJTransition.swift"; sourceTree = "<group>"; };
		36AB05822886A03A001EC4C6 /* XJTransitionManager.swift */ = {isa = PBXFileReference; fileEncoding = 4; lastKnownFileType = sourcecode.swift; path = XJTransitionManager.swift; sourceTree = "<group>"; };
		36AB05832886A03A001EC4C6 /* XJTransitionConfig.swift */ = {isa = PBXFileReference; fileEncoding = 4; lastKnownFileType = sourcecode.swift; path = XJTransitionConfig.swift; sourceTree = "<group>"; };
		36AB05872886A2A6001EC4C6 /* XJRootViewController.swift */ = {isa = PBXFileReference; lastKnownFileType = sourcecode.swift; path = XJRootViewController.swift; sourceTree = "<group>"; };
		36AB058B2886B1A2001EC4C6 /* XJPushViewController.swift */ = {isa = PBXFileReference; lastKnownFileType = sourcecode.swift; path = XJPushViewController.swift; sourceTree = "<group>"; };
		36AB058D2886B1AD001EC4C6 /* XJPresentViewController.swift */ = {isa = PBXFileReference; lastKnownFileType = sourcecode.swift; path = XJPresentViewController.swift; sourceTree = "<group>"; };
		36E51236289B6E0E00AB45BE /* XJCollectionViewController.swift */ = {isa = PBXFileReference; lastKnownFileType = sourcecode.swift; path = XJCollectionViewController.swift; sourceTree = "<group>"; };
/* End PBXFileReference section */

/* Begin PBXFrameworksBuildPhase section */
		36AB056428869F4E001EC4C6 /* Frameworks */ = {
			isa = PBXFrameworksBuildPhase;
			buildActionMask = 2147483647;
			files = (
			);
			runOnlyForDeploymentPostprocessing = 0;
		};
/* End PBXFrameworksBuildPhase section */

/* Begin PBXGroup section */
		36AB055E28869F4E001EC4C6 = {
			isa = PBXGroup;
			children = (
				36AB056928869F4E001EC4C6 /* XJTransition */,
				36AB056828869F4E001EC4C6 /* Products */,
			);
			sourceTree = "<group>";
		};
		36AB056828869F4E001EC4C6 /* Products */ = {
			isa = PBXGroup;
			children = (
				36AB056728869F4E001EC4C6 /* XJTransition.app */,
			);
			name = Products;
			sourceTree = "<group>";
		};
		36AB056928869F4E001EC4C6 /* XJTransition */ = {
			isa = PBXGroup;
			children = (
				36AB05802886A03A001EC4C6 /* XJTransition */,
				36AB056A28869F4E001EC4C6 /* AppDelegate.swift */,
				36AB057E28869FDC001EC4C6 /* XJNavigationViewController.swift */,
				36AB05872886A2A6001EC4C6 /* XJRootViewController.swift */,
				36AB058B2886B1A2001EC4C6 /* XJPushViewController.swift */,
				36AB058D2886B1AD001EC4C6 /* XJPresentViewController.swift */,
				36E51236289B6E0E00AB45BE /* XJCollectionViewController.swift */,
				36AB057028869F4E001EC4C6 /* Main.storyboard */,
				36AB057328869F4F001EC4C6 /* Assets.xcassets */,
				36AB057528869F4F001EC4C6 /* LaunchScreen.storyboard */,
				36AB057828869F4F001EC4C6 /* Info.plist */,
			);
			path = XJTransition;
			sourceTree = "<group>";
		};
		36AB05802886A03A001EC4C6 /* XJTransition */ = {
			isa = PBXGroup;
			children = (
				36AB05812886A03A001EC4C6 /* UIViewController+XJTransition.swift */,
				36AB05822886A03A001EC4C6 /* XJTransitionManager.swift */,
				36AB05832886A03A001EC4C6 /* XJTransitionConfig.swift */,
			);
			path = XJTransition;
			sourceTree = "<group>";
		};
/* End PBXGroup section */

/* Begin PBXNativeTarget section */
		36AB056628869F4E001EC4C6 /* XJTransition */ = {
			isa = PBXNativeTarget;
			buildConfigurationList = 36AB057B28869F4F001EC4C6 /* Build configuration list for PBXNativeTarget "XJTransition" */;
			buildPhases = (
				36AB056328869F4E001EC4C6 /* Sources */,
				36AB056428869F4E001EC4C6 /* Frameworks */,
				36AB056528869F4E001EC4C6 /* Resources */,
			);
			buildRules = (
			);
			dependencies = (
			);
			name = XJTransition;
			productName = XJTransition;
			productReference = 36AB056728869F4E001EC4C6 /* XJTransition.app */;
			productType = "com.apple.product-type.application";
		};
/* End PBXNativeTarget section */

/* Begin PBXProject section */
		36AB055F28869F4E001EC4C6 /* Project object */ = {
			isa = PBXProject;
			attributes = {
				BuildIndependentTargetsInParallel = 1;
				LastSwiftUpdateCheck = 1330;
				LastUpgradeCheck = 1330;
				TargetAttributes = {
					36AB056628869F4E001EC4C6 = {
						CreatedOnToolsVersion = 13.3;
					};
				};
			};
			buildConfigurationList = 36AB056228869F4E001EC4C6 /* Build configuration list for PBXProject "XJTransition" */;
			compatibilityVersion = "Xcode 13.0";
			developmentRegion = en;
			hasScannedForEncodings = 0;
			knownRegions = (
				en,
				Base,
			);
			mainGroup = 36AB055E28869F4E001EC4C6;
			productRefGroup = 36AB056828869F4E001EC4C6 /* Products */;
			projectDirPath = "";
			projectRoot = "";
			targets = (
				36AB056628869F4E001EC4C6 /* XJTransition */,
			);
		};
/* End PBXProject section */

/* Begin PBXResourcesBuildPhase section */
		36AB056528869F4E001EC4C6 /* Resources */ = {
			isa = PBXResourcesBuildPhase;
			buildActionMask = 2147483647;
			files = (
				36AB057728869F4F001EC4C6 /* LaunchScreen.storyboard in Resources */,
				36AB057428869F4F001EC4C6 /* Assets.xcassets in Resources */,
				36AB057228869F4E001EC4C6 /* Main.storyboard in Resources */,
			);
			runOnlyForDeploymentPostprocessing = 0;
		};
/* End PBXResourcesBuildPhase section */

/* Begin PBXSourcesBuildPhase section */
		36AB056328869F4E001EC4C6 /* Sources */ = {
			isa = PBXSourcesBuildPhase;
			buildActionMask = 2147483647;
			files = (
				36AB05882886A2A6001EC4C6 /* XJRootViewController.swift in Sources */,
				36AB05842886A03A001EC4C6 /* UIViewController+XJTransition.swift in Sources */,
				36AB056B28869F4E001EC4C6 /* AppDelegate.swift in Sources */,
				36AB05852886A03A001EC4C6 /* XJTransitionManager.swift in Sources */,
				36AB05862886A03A001EC4C6 /* XJTransitionConfig.swift in Sources */,
				36AB058C2886B1A2001EC4C6 /* XJPushViewController.swift in Sources */,
				36E51237289B6E0E00AB45BE /* XJCollectionViewController.swift in Sources */,
				36AB058E2886B1AD001EC4C6 /* XJPresentViewController.swift in Sources */,
				36AB057F28869FDC001EC4C6 /* XJNavigationViewController.swift in Sources */,
			);
			runOnlyForDeploymentPostprocessing = 0;
		};
/* End PBXSourcesBuildPhase section */

/* Begin PBXVariantGroup section */
		36AB057028869F4E001EC4C6 /* Main.storyboard */ = {
			isa = PBXVariantGroup;
			children = (
				36AB057128869F4E001EC4C6 /* Base */,
			);
			name = Main.storyboard;
			sourceTree = "<group>";
		};
		36AB057528869F4F001EC4C6 /* LaunchScreen.storyboard */ = {
			isa = PBXVariantGroup;
			children = (
				36AB057628869F4F001EC4C6 /* Base */,
			);
			name = LaunchScreen.storyboard;
			sourceTree = "<group>";
		};
/* End PBXVariantGroup section */

/* Begin XCBuildConfiguration section */
		36AB057928869F4F001EC4C6 /* Debug */ = {
			isa = XCBuildConfiguration;
			buildSettings = {
				ALWAYS_SEARCH_USER_PATHS = NO;
				CLANG_ANALYZER_NONNULL = YES;
				CLANG_ANALYZER_NUMBER_OBJECT_CONVERSION = YES_AGGRESSIVE;
				CLANG_CXX_LANGUAGE_STANDARD = "gnu++17";
				CLANG_ENABLE_MODULES = YES;
				CLANG_ENABLE_OBJC_ARC = YES;
				CLANG_ENABLE_OBJC_WEAK = YES;
				CLANG_WARN_BLOCK_CAPTURE_AUTORELEASING = YES;
				CLANG_WARN_BOOL_CONVERSION = YES;
				CLANG_WARN_COMMA = YES;
				CLANG_WARN_CONSTANT_CONVERSION = YES;
				CLANG_WARN_DEPRECATED_OBJC_IMPLEMENTATIONS = YES;
				CLANG_WARN_DIRECT_OBJC_ISA_USAGE = YES_ERROR;
				CLANG_WARN_DOCUMENTATION_COMMENTS = YES;
				CLANG_WARN_EMPTY_BODY = YES;
				CLANG_WARN_ENUM_CONVERSION = YES;
				CLANG_WARN_INFINITE_RECURSION = YES;
				CLANG_WARN_INT_CONVERSION = YES;
				CLANG_WARN_NON_LITERAL_NULL_CONVERSION = YES;
				CLANG_WARN_OBJC_IMPLICIT_RETAIN_SELF = YES;
				CLANG_WARN_OBJC_LITERAL_CONVERSION = YES;
				CLANG_WARN_OBJC_ROOT_CLASS = YES_ERROR;
				CLANG_WARN_QUOTED_INCLUDE_IN_FRAMEWORK_HEADER = YES;
				CLANG_WARN_RANGE_LOOP_ANALYSIS = YES;
				CLANG_WARN_STRICT_PROTOTYPES = YES;
				CLANG_WARN_SUSPICIOUS_MOVE = YES;
				CLANG_WARN_UNGUARDED_AVAILABILITY = YES_AGGRESSIVE;
				CLANG_WARN_UNREACHABLE_CODE = YES;
				CLANG_WARN__DUPLICATE_METHOD_MATCH = YES;
				COPY_PHASE_STRIP = NO;
				DEBUG_INFORMATION_FORMAT = dwarf;
				ENABLE_STRICT_OBJC_MSGSEND = YES;
				ENABLE_TESTABILITY = YES;
				GCC_C_LANGUAGE_STANDARD = gnu11;
				GCC_DYNAMIC_NO_PIC = NO;
				GCC_NO_COMMON_BLOCKS = YES;
				GCC_OPTIMIZATION_LEVEL = 0;
				GCC_PREPROCESSOR_DEFINITIONS = (
					"DEBUG=1",
					"$(inherited)",
				);
				GCC_WARN_64_TO_32_BIT_CONVERSION = YES;
				GCC_WARN_ABOUT_RETURN_TYPE = YES_ERROR;
				GCC_WARN_UNDECLARED_SELECTOR = YES;
				GCC_WARN_UNINITIALIZED_AUTOS = YES_AGGRESSIVE;
				GCC_WARN_UNUSED_FUNCTION = YES;
				GCC_WARN_UNUSED_VARIABLE = YES;
				IPHONEOS_DEPLOYMENT_TARGET = 15.4;
				MTL_ENABLE_DEBUG_INFO = INCLUDE_SOURCE;
				MTL_FAST_MATH = YES;
				ONLY_ACTIVE_ARCH = YES;
				SDKROOT = iphoneos;
				SWIFT_ACTIVE_COMPILATION_CONDITIONS = DEBUG;
				SWIFT_OPTIMIZATION_LEVEL = "-Onone";
			};
			name = Debug;
		};
		36AB057A28869F4F001EC4C6 /* Release */ = {
			isa = XCBuildConfiguration;
			buildSettings = {
				ALWAYS_SEARCH_USER_PATHS = NO;
				CLANG_ANALYZER_NONNULL = YES;
				CLANG_ANALYZER_NUMBER_OBJECT_CONVERSION = YES_AGGRESSIVE;
				CLANG_CXX_LANGUAGE_STANDARD = "gnu++17";
				CLANG_ENABLE_MODULES = YES;
				CLANG_ENABLE_OBJC_ARC = YES;
				CLANG_ENABLE_OBJC_WEAK = YES;
				CLANG_WARN_BLOCK_CAPTURE_AUTORELEASING = YES;
				CLANG_WARN_BOOL_CONVERSION = YES;
				CLANG_WARN_COMMA = YES;
				CLANG_WARN_CONSTANT_CONVERSION = YES;
				CLANG_WARN_DEPRECATED_OBJC_IMPLEMENTATIONS = YES;
				CLANG_WARN_DIRECT_OBJC_ISA_USAGE = YES_ERROR;
				CLANG_WARN_DOCUMENTATION_COMMENTS = YES;
				CLANG_WARN_EMPTY_BODY = YES;
				CLANG_WARN_ENUM_CONVERSION = YES;
				CLANG_WARN_INFINITE_RECURSION = YES;
				CLANG_WARN_INT_CONVERSION = YES;
				CLANG_WARN_NON_LITERAL_NULL_CONVERSION = YES;
				CLANG_WARN_OBJC_IMPLICIT_RETAIN_SELF = YES;
				CLANG_WARN_OBJC_LITERAL_CONVERSION = YES;
				CLANG_WARN_OBJC_ROOT_CLASS = YES_ERROR;
				CLANG_WARN_QUOTED_INCLUDE_IN_FRAMEWORK_HEADER = YES;
				CLANG_WARN_RANGE_LOOP_ANALYSIS = YES;
				CLANG_WARN_STRICT_PROTOTYPES = YES;
				CLANG_WARN_SUSPICIOUS_MOVE = YES;
				CLANG_WARN_UNGUARDED_AVAILABILITY = YES_AGGRESSIVE;
				CLANG_WARN_UNREACHABLE_CODE = YES;
				CLANG_WARN__DUPLICATE_METHOD_MATCH = YES;
				COPY_PHASE_STRIP = NO;
				DEBUG_INFORMATION_FORMAT = "dwarf-with-dsym";
				ENABLE_NS_ASSERTIONS = NO;
				ENABLE_STRICT_OBJC_MSGSEND = YES;
				GCC_C_LANGUAGE_STANDARD = gnu11;
				GCC_NO_COMMON_BLOCKS = YES;
				GCC_WARN_64_TO_32_BIT_CONVERSION = YES;
				GCC_WARN_ABOUT_RETURN_TYPE = YES_ERROR;
				GCC_WARN_UNDECLARED_SELECTOR = YES;
				GCC_WARN_UNINITIALIZED_AUTOS = YES_AGGRESSIVE;
				GCC_WARN_UNUSED_FUNCTION = YES;
				GCC_WARN_UNUSED_VARIABLE = YES;
				IPHONEOS_DEPLOYMENT_TARGET = 15.4;
				MTL_ENABLE_DEBUG_INFO = NO;
				MTL_FAST_MATH = YES;
				SDKROOT = iphoneos;
				SWIFT_COMPILATION_MODE = wholemodule;
				SWIFT_OPTIMIZATION_LEVEL = "-O";
				VALIDATE_PRODUCT = YES;
			};
			name = Release;
		};
		36AB057C28869F4F001EC4C6 /* Debug */ = {
			isa = XCBuildConfiguration;
			buildSettings = {
				ASSETCATALOG_COMPILER_APPICON_NAME = AppIcon;
				ASSETCATALOG_COMPILER_GLOBAL_ACCENT_COLOR_NAME = AccentColor;
				CODE_SIGN_STYLE = Automatic;
				CURRENT_PROJECT_VERSION = 1;
				DEVELOPMENT_TEAM = 3N442V95M6;
				GENERATE_INFOPLIST_FILE = YES;
				INFOPLIST_FILE = XJTransition/Info.plist;
				INFOPLIST_KEY_CFBundleDisplayName = "转场动画";
				INFOPLIST_KEY_UIApplicationSupportsIndirectInputEvents = YES;
				INFOPLIST_KEY_UILaunchStoryboardName = LaunchScreen;
				INFOPLIST_KEY_UIMainStoryboardFile = Main;
				INFOPLIST_KEY_UISupportedInterfaceOrientations_iPad = "UIInterfaceOrientationPortrait UIInterfaceOrientationPortraitUpsideDown UIInterfaceOrientationLandscapeLeft UIInterfaceOrientationLandscapeRight";
				INFOPLIST_KEY_UISupportedInterfaceOrientations_iPhone = "UIInterfaceOrientationPortrait UIInterfaceOrientationLandscapeLeft UIInterfaceOrientationLandscapeRight";
				IPHONEOS_DEPLOYMENT_TARGET = 11.0;
				LD_RUNPATH_SEARCH_PATHS = (
					"$(inherited)",
					"@executable_path/Frameworks",
				);
				MARKETING_VERSION = 1.0;
				PRODUCT_BUNDLE_IDENTIFIER = com.xroom.XJTransition;
				PRODUCT_NAME = "$(TARGET_NAME)";
				SWIFT_EMIT_LOC_STRINGS = YES;
				SWIFT_VERSION = 5.0;
				TARGETED_DEVICE_FAMILY = 1;
			};
			name = Debug;
		};
		36AB057D28869F4F001EC4C6 /* Release */ = {
			isa = XCBuildConfiguration;
			buildSettings = {
				ASSETCATALOG_COMPILER_APPICON_NAME = AppIcon;
				ASSETCATALOG_COMPILER_GLOBAL_ACCENT_COLOR_NAME = AccentColor;
				CODE_SIGN_STYLE = Automatic;
				CURRENT_PROJECT_VERSION = 1;
				DEVELOPMENT_TEAM = 3N442V95M6;
				GENERATE_INFOPLIST_FILE = YES;
				INFOPLIST_FILE = XJTransition/Info.plist;
				INFOPLIST_KEY_CFBundleDisplayName = "转场动画";
				INFOPLIST_KEY_UIApplicationSupportsIndirectInputEvents = YES;
				INFOPLIST_KEY_UILaunchStoryboardName = LaunchScreen;
				INFOPLIST_KEY_UIMainStoryboardFile = Main;
				INFOPLIST_KEY_UISupportedInterfaceOrientations_iPad = "UIInterfaceOrientationPortrait UIInterfaceOrientationPortraitUpsideDown UIInterfaceOrientationLandscapeLeft UIInterfaceOrientationLandscapeRight";
				INFOPLIST_KEY_UISupportedInterfaceOrientations_iPhone = "UIInterfaceOrientationPortrait UIInterfaceOrientationLandscapeLeft UIInterfaceOrientationLandscapeRight";
				IPHONEOS_DEPLOYMENT_TARGET = 11.0;
				LD_RUNPATH_SEARCH_PATHS = (
					"$(inherited)",
					"@executable_path/Frameworks",
				);
				MARKETING_VERSION = 1.0;
				PRODUCT_BUNDLE_IDENTIFIER = com.xroom.XJTransition;
				PRODUCT_NAME = "$(TARGET_NAME)";
				SWIFT_EMIT_LOC_STRINGS = YES;
				SWIFT_VERSION = 5.0;
				TARGETED_DEVICE_FAMILY = 1;
			};
			name = Release;
		};
/* End XCBuildConfiguration section */

/* Begin XCConfigurationList section */
		36AB056228869F4E001EC4C6 /* Build configuration list for PBXProject "XJTransition" */ = {
			isa = XCConfigurationList;
			buildConfigurations = (
				36AB057928869F4F001EC4C6 /* Debug */,
				36AB057A28869F4F001EC4C6 /* Release */,
			);
			defaultConfigurationIsVisible = 0;
			defaultConfigurationName = Release;
		};
		36AB057B28869F4F001EC4C6 /* Build configuration list for PBXNativeTarget "XJTransition" */ = {
			isa = XCConfigurationList;
			buildConfigurations = (
				36AB057C28869F4F001EC4C6 /* Debug */,
				36AB057D28869F4F001EC4C6 /* Release */,
			);
			defaultConfigurationIsVisible = 0;
			defaultConfigurationName = Release;
		};
/* End XCConfigurationList section */
	};
	rootObject = 36AB055F28869F4E001EC4C6 /* Project object */;
}
